
Microsoft Visual Studio Solution File, Format Version 12.00
Project("{FAE04EC0-301F-11D3-BF4B-00C04F79EFBC}") = "Matrix_Calculator", "Matrix_Calculator\Matrix_Calculator.csproj", "{B9E3B870-E557-40D9-8106-66E79442BD17}"
EndProject
Global
	GlobalSection(SolutionConfigurationPlatforms) = preSolution
		Debug|Any CPU = Debug|Any CPU
		Release|Any CPU = Release|Any CPU
	EndGlobalSection
	GlobalSection(ProjectConfigurationPlatforms) = postSolution
		{B9E3B870-E557-40D9-8106-66E79442BD17}.Debug|Any CPU.ActiveCfg = Debug|Any CPU
		{B9E3B870-E557-40D9-8106-66E79442BD17}.Debug|Any CPU.Build.0 = Debug|Any CPU
		{B9E3B870-E557-40D9-8106-66E79442BD17}.Release|Any CPU.ActiveCfg = Release|Any CPU
		{B9E3B870-E557-40D9-8106-66E79442BD17}.Release|Any CPU.Build.0 = Release|Any CPU
	EndGlobalSection
EndGlobal
